{
  "name": "webpage-search",
  "version": "1.0.0",
  "lockfileVersion": 1,
  "requires": true,
  "dependencies": {
    "async": {
      "version": "3.2.0",
      "resolved": "https://registry.npmjs.org/async/-/async-3.2.0.tgz",
      "integrity": "sha512-TR2mEZFVOj2pLStYxLht7TyfuRzaydfpxr3k9RpHIzMgw7A64dzsdqCxH1WJyQdoe8T10nDXd9wnEigmiuHIZw=="
    },
    "iconv-lite": {
      "version": "0.5.2",
      "resolved": "https://registry.npmjs.org/iconv-lite/-/iconv-lite-0.5.2.tgz",
      "integrity": "sha512-kERHXvpSaB4aU3eANwidg79K8FlrN77m8G9V+0vOR3HYaRifrlwMEpT7ZBJqLSEIHnEgJTHcWK82wwLwwKwtag==",
      "requires": {
        "safer-buffer": ">= 2.1.2 < 3"
      }
    },
    "robots-parser": {
      "version": "2.1.1",
      "resolved": "https://registry.npmjs.org/robots-parser/-/robots-parser-2.1.1.tgz",
      "integrity": "sha512-6yWEYSdhK3bAEcYY0In3wgSBK70BiQoJArzdjZKCP/35b3gKIYu5Lc0qQqsoxjoLVebVoJiKK4VWGc5+oxvWBQ=="
    },
    "safer-buffer": {
      "version": "2.1.2",
      "resolved": "https://registry.npmjs.org/safer-buffer/-/safer-buffer-2.1.2.tgz",
      "integrity": "sha512-YZo3K82SD7Riyi0E1EQPojLz7kpepnSQI9IyPbHHg1XXXevb5dJI7tpyN2ADxGcQbHG7vcyRHk0cbwqcQriUtg=="
    },
    "simplecrawler": {
      "version": "1.1.9",
      "resolved": "https://registry.npmjs.org/simplecrawler/-/simplecrawler-1.1.9.tgz",
      "integrity": "sha512-IY5YmeJWvfc1zpy9so1p/EknCqNum3Y9tmnzuLWZqKEwbntGXPGvN0SOtr+XqT4BHjfek2C12g3Tg1yK7Hoh8g==",
      "requires": {
        "async": "^3.1.0",
        "iconv-lite": "^0.5.0",
        "robots-parser": "^2.1.1",
        "urijs": "^1.19.1"
      }
    },
    "urijs": {
      "version": "1.19.11",
      "resolved": "https://registry.npmjs.org/urijs/-/urijs-1.19.11.tgz",
      "integrity": "sha512-HXgFDgDommxn5/bIv0cnQZsPhHDA90NPHD6+c/v21U5+Sx5hoP8+dP9IZXBU1gIfvdRfhG8cel9QNPeionfcCQ=="
    }
  }
}
